
Microsoft Visual Studio Solution File, Format Version 12.00
# Visual Studio Version 17
VisualStudioVersion = 17.0.31903.59
MinimumVisualStudioVersion = 10.0.40219.1
Project("{FAE04EC0-301F-11D3-BF4B-00C04F79EFBC}") = "SecretsMigrator", "SecretsMigrator.csproj", "{7B368978-4233-462A-BF91-D2781AE003DC}"
EndProject
Global
	GlobalSection(SolutionConfigurationPlatforms) = preSolution
		Debug|Any CPU = Debug|Any CPU
		Release|Any CPU = Release|Any CPU
	EndGlobalSection
	GlobalSection(ProjectConfigurationPlatforms) = postSolution
		{7B368978-4233-462A-BF91-D2781AE003DC}.Debug|Any CPU.ActiveCfg = Debug|Any CPU
		{7B368978-4233-462A-BF91-D2781AE003DC}.Debug|Any CPU.Build.0 = Debug|Any CPU
		{7B368978-4233-462A-BF91-D2781AE003DC}.Release|Any CPU.ActiveCfg = Release|Any CPU
		{7B368978-4233-462A-BF91-D2781AE003DC}.Release|Any CPU.Build.0 = Release|Any CPU
	EndGlobalSection
	GlobalSection(SolutionProperties) = preSolution
		HideSolutionNode = FALSE
	EndGlobalSection
	GlobalSection(ExtensibilityGlobals) = postSolution
		SolutionGuid = {8EAB43EC-19AE-4BC9-911F-E4A336549DC5}
	EndGlobalSection
EndGlobal
